
Microsoft Visual Studio Solution File, Format Version 12.00
# Visual Studio Version 16
VisualStudioVersion = 16.0.29424.173
MinimumVisualStudioVersion = 10.0.40219.1
Project("{8BC9CEB8-8B4A-11D0-8D11-00A0C91BC942}") = "Task0", "Task0\Task0.vcxproj", "{32D26FCF-D490-43D2-996F-A02AEF935AB3}"
EndProject
Project("{8BC9CEB8-8B4A-11D0-8D11-00A0C91BC942}") = "Task1", "Task1\Task1.vcxproj", "{D92CE4F6-8397-4089-AD59-F3E3AFC289B2}"
EndProject
Global
	GlobalSection(SolutionConfigurationPlatforms) = preSolution
		Debug|x64 = Debug|x64
		Debug|x86 = Debug|x86
		Release|x64 = Release|x64
		Release|x86 = Release|x86
	EndGlobalSection
	GlobalSection(ProjectConfigurationPlatforms) = postSolution
		{32D26FCF-D490-43D2-996F-A02AEF935AB3}.Debug|x64.ActiveCfg = Debug|x64
		{32D26FCF-D490-43D2-996F-A02AEF935AB3}.Debug|x64.Build.0 = Debug|x64
		{32D26FCF-D490-43D2-996F-A02AEF935AB3}.Debug|x86.ActiveCfg = Debug|Win32
		{32D26FCF-D490-43D2-996F-A02AEF935AB3}.Debug|x86.Build.0 = Debug|Win32
		{32D26FCF-D490-43D2-996F-A02AEF935AB3}.Release|x64.ActiveCfg = Release|x64
		{32D26FCF-D490-43D2-996F-A02AEF935AB3}.Release|x64.Build.0 = Release|x64
		{32D26FCF-D490-43D2-996F-A02AEF935AB3}.Release|x86.ActiveCfg = Release|Win32
		{32D26FCF-D490-43D2-996F-A02AEF935AB3}.Release|x86.Build.0 = Release|Win32
		{D92CE4F6-8397-4089-AD59-F3E3AFC289B2}.Debug|x64.ActiveCfg = Debug|x64
		{D92CE4F6-8397-4089-AD59-F3E3AFC289B2}.Debug|x64.Build.0 = Debug|x64
		{D92CE4F6-8397-4089-AD59-F3E3AFC289B2}.Debug|x86.ActiveCfg = Debug|Win32
		{D92CE4F6-8397-4089-AD59-F3E3AFC289B2}.Debug|x86.Build.0 = Debug|Win32
		{D92CE4F6-8397-4089-AD59-F3E3AFC289B2}.Release|x64.ActiveCfg = Release|x64
		{D92CE4F6-8397-4089-AD59-F3E3AFC289B2}.Release|x64.Build.0 = Release|x64
		{D92CE4F6-8397-4089-AD59-F3E3AFC289B2}.Release|x86.ActiveCfg = Release|Win32
		{D92CE4F6-8397-4089-AD59-F3E3AFC289B2}.Release|x86.Build.0 = Release|Win32
	EndGlobalSection
	GlobalSection(SolutionProperties) = preSolution
		HideSolutionNode = FALSE
	EndGlobalSection
	GlobalSection(ExtensibilityGlobals) = postSolution
		SolutionGuid = {BEDF33E3-BC2C-44B9-84BD-0757E771785B}
	EndGlobalSection
EndGlobal
